
Microsoft Visual Studio Solution File, Format Version 12.00
# Visual Studio 15
VisualStudioVersion = 15.0.27130.2010
MinimumVisualStudioVersion = 10.0.40219.1
Project("{FAE04EC0-301F-11D3-BF4B-00C04F79EFBC}") = "Cruelco v2", "Cruelco v2\Cruelco v2.csproj", "{6684E756-4F94-42CA-B7DE-3180BB82169C}"
EndProject
Global
	GlobalSection(SolutionConfigurationPlatforms) = preSolution
		Debug|Any CPU = Debug|Any CPU
		Release|Any CPU = Release|Any CPU
	EndGlobalSection
	GlobalSection(ProjectConfigurationPlatforms) = postSolution
		{6684E756-4F94-42CA-B7DE-3180BB82169C}.Debug|Any CPU.ActiveCfg = Debug|Any CPU
		{6684E756-4F94-42CA-B7DE-3180BB82169C}.Debug|Any CPU.Build.0 = Debug|Any CPU
		{6684E756-4F94-42CA-B7DE-3180BB82169C}.Release|Any CPU.ActiveCfg = Release|Any CPU
		{6684E756-4F94-42CA-B7DE-3180BB82169C}.Release|Any CPU.Build.0 = Release|Any CPU
	EndGlobalSection
	GlobalSection(SolutionProperties) = preSolution
		HideSolutionNode = FALSE
	EndGlobalSection
	GlobalSection(ExtensibilityGlobals) = postSolution
		SolutionGuid = {109C75EA-73EA-4498-BB17-33E843E62190}
	EndGlobalSection
EndGlobal
